// !$*UTF8*$!
{
	archiveVersion = 1;
	classes = {
	};
	objectVersion = 56;
	objects = {

/* Begin PBXBuildFile section */
		37A8ACD7293689230014DBD1 /* Coordinator.swift in Sources */ = {isa = PBXBuildFile; fileRef = 37A8ACD6293689230014DBD1 /* Coordinator.swift */; };
		37A8ACD92936892C0014DBD1 /* Viewcode.swift in Sources */ = {isa = PBXBuildFile; fileRef = 37A8ACD82936892C0014DBD1 /* Viewcode.swift */; };
		37A8ACDD29368A1E0014DBD1 /* HomeViewController.swift in Sources */ = {isa = PBXBuildFile; fileRef = 37A8ACDC29368A1E0014DBD1 /* HomeViewController.swift */; };
		37A8ACDF29368A230014DBD1 /* HomeView.swift in Sources */ = {isa = PBXBuildFile; fileRef = 37A8ACDE29368A230014DBD1 /* HomeView.swift */; };
		37A8ACE329368A850014DBD1 /* ApplicationCoordinator.swift in Sources */ = {isa = PBXBuildFile; fileRef = 37A8ACE229368A850014DBD1 /* ApplicationCoordinator.swift */; };
		37A8ACE929368BF60014DBD1 /* HomeCoordinator.swift in Sources */ = {isa = PBXBuildFile; fileRef = 37A8ACE829368BF60014DBD1 /* HomeCoordinator.swift */; };
		37F5BD25293674E500B87D9B /* AppDelegate.swift in Sources */ = {isa = PBXBuildFile; fileRef = 37F5BD24293674E500B87D9B /* AppDelegate.swift */; };
		37F5BD27293674E500B87D9B /* SceneDelegate.swift in Sources */ = {isa = PBXBuildFile; fileRef = 37F5BD26293674E500B87D9B /* SceneDelegate.swift */; };
		37F5BD2E293674E600B87D9B /* Assets.xcassets in Resources */ = {isa = PBXBuildFile; fileRef = 37F5BD2D293674E600B87D9B /* Assets.xcassets */; };
		37F5BD31293674E600B87D9B /* LaunchScreen.storyboard in Resources */ = {isa = PBXBuildFile; fileRef = 37F5BD2F293674E600B87D9B /* LaunchScreen.storyboard */; };
		37F5BD3C293674E600B87D9B /* _daysofcodeTests.swift in Sources */ = {isa = PBXBuildFile; fileRef = 37F5BD3B293674E600B87D9B /* _daysofcodeTests.swift */; };
		37F5BD46293674E600B87D9B /* _daysofcodeUITests.swift in Sources */ = {isa = PBXBuildFile; fileRef = 37F5BD45293674E600B87D9B /* _daysofcodeUITests.swift */; };
		37F5BD48293674E600B87D9B /* _daysofcodeUITestsLaunchTests.swift in Sources */ = {isa = PBXBuildFile; fileRef = 37F5BD47293674E600B87D9B /* _daysofcodeUITestsLaunchTests.swift */; };
/* End PBXBuildFile section */

/* Begin PBXContainerItemProxy section */
		37F5BD38293674E600B87D9B /* PBXContainerItemProxy */ = {
			isa = PBXContainerItemProxy;
			containerPortal = 37F5BD19293674E500B87D9B /* Project object */;
			proxyType = 1;
			remoteGlobalIDString = 37F5BD20293674E500B87D9B;
			remoteInfo = 7daysofcode;
		};
		37F5BD42293674E600B87D9B /* PBXContainerItemProxy */ = {
			isa = PBXContainerItemProxy;
			containerPortal = 37F5BD19293674E500B87D9B /* Project object */;
			proxyType = 1;
			remoteGlobalIDString = 37F5BD20293674E500B87D9B;
			remoteInfo = 7daysofcode;
		};
/* End PBXContainerItemProxy section */

/* Begin PBXFileReference section */
		37A8ACD6293689230014DBD1 /* Coordinator.swift */ = {isa = PBXFileReference; lastKnownFileType = sourcecode.swift; path = Coordinator.swift; sourceTree = "<group>"; };
		37A8ACD82936892C0014DBD1 /* Viewcode.swift */ = {isa = PBXFileReference; lastKnownFileType = sourcecode.swift; path = Viewcode.swift; sourceTree = "<group>"; };
		37A8ACDC29368A1E0014DBD1 /* HomeViewController.swift */ = {isa = PBXFileReference; lastKnownFileType = sourcecode.swift; path = HomeViewController.swift; sourceTree = "<group>"; };
		37A8ACDE29368A230014DBD1 /* HomeView.swift */ = {isa = PBXFileReference; lastKnownFileType = sourcecode.swift; path = HomeView.swift; sourceTree = "<group>"; };
		37A8ACE229368A850014DBD1 /* ApplicationCoordinator.swift */ = {isa = PBXFileReference; lastKnownFileType = sourcecode.swift; path = ApplicationCoordinator.swift; sourceTree = "<group>"; };
		37A8ACE829368BF60014DBD1 /* HomeCoordinator.swift */ = {isa = PBXFileReference; lastKnownFileType = sourcecode.swift; path = HomeCoordinator.swift; sourceTree = "<group>"; };
		37F5BD21293674E500B87D9B /* 7daysofcode.app */ = {isa = PBXFileReference; explicitFileType = wrapper.application; includeInIndex = 0; path = 7daysofcode.app; sourceTree = BUILT_PRODUCTS_DIR; };
		37F5BD24293674E500B87D9B /* AppDelegate.swift */ = {isa = PBXFileReference; lastKnownFileType = sourcecode.swift; path = AppDelegate.swift; sourceTree = "<group>"; };
		37F5BD26293674E500B87D9B /* SceneDelegate.swift */ = {isa = PBXFileReference; lastKnownFileType = sourcecode.swift; path = SceneDelegate.swift; sourceTree = "<group>"; };
		37F5BD2D293674E600B87D9B /* Assets.xcassets */ = {isa = PBXFileReference; lastKnownFileType = folder.assetcatalog; path = Assets.xcassets; sourceTree = "<group>"; };
		37F5BD30293674E600B87D9B /* Base */ = {isa = PBXFileReference; lastKnownFileType = file.storyboard; name = Base; path = Base.lproj/LaunchScreen.storyboard; sourceTree = "<group>"; };
		37F5BD32293674E600B87D9B /* Info.plist */ = {isa = PBXFileReference; lastKnownFileType = text.plist.xml; path = Info.plist; sourceTree = "<group>"; };
		37F5BD37293674E600B87D9B /* 7daysofcodeTests.xctest */ = {isa = PBXFileReference; explicitFileType = wrapper.cfbundle; includeInIndex = 0; path = 7daysofcodeTests.xctest; sourceTree = BUILT_PRODUCTS_DIR; };
		37F5BD3B293674E600B87D9B /* _daysofcodeTests.swift */ = {isa = PBXFileReference; lastKnownFileType = sourcecode.swift; path = _daysofcodeTests.swift; sourceTree = "<group>"; };
		37F5BD41293674E600B87D9B /* 7daysofcodeUITests.xctest */ = {isa = PBXFileReference; explicitFileType = wrapper.cfbundle; includeInIndex = 0; path = 7daysofcodeUITests.xctest; sourceTree = BUILT_PRODUCTS_DIR; };
		37F5BD45293674E600B87D9B /* _daysofcodeUITests.swift */ = {isa = PBXFileReference; lastKnownFileType = sourcecode.swift; path = _daysofcodeUITests.swift; sourceTree = "<group>"; };
		37F5BD47293674E600B87D9B /* _daysofcodeUITestsLaunchTests.swift */ = {isa = PBXFileReference; lastKnownFileType = sourcecode.swift; path = _daysofcodeUITestsLaunchTests.swift; sourceTree = "<group>"; };
/* End PBXFileReference section */

/* Begin PBXFrameworksBuildPhase section */
		37F5BD1E293674E500B87D9B /* Frameworks */ = {
			isa = PBXFrameworksBuildPhase;
			buildActionMask = 2147483647;
			files = (
			);
			runOnlyForDeploymentPostprocessing = 0;
		};
		37F5BD34293674E600B87D9B /* Frameworks */ = {
			isa = PBXFrameworksBuildPhase;
			buildActionMask = 2147483647;
			files = (
			);
			runOnlyForDeploymentPostprocessing = 0;
		};
		37F5BD3E293674E600B87D9B /* Frameworks */ = {
			isa = PBXFrameworksBuildPhase;
			buildActionMask = 2147483647;
			files = (
			);
			runOnlyForDeploymentPostprocessing = 0;
		};
/* End PBXFrameworksBuildPhase section */

/* Begin PBXGroup section */
		37A8ACD1293689020014DBD1 /* Screens */ = {
			isa = PBXGroup;
			children = (
				37A8ACDA29368A0F0014DBD1 /* Home */,
			);
			path = Screens;
			sourceTree = "<group>";
		};
		37A8ACD2293689070014DBD1 /* Common */ = {
			isa = PBXGroup;
			children = (
				37A8ACD32936890E0014DBD1 /* Protocol */,
			);
			path = Common;
			sourceTree = "<group>";
		};
		37A8ACD32936890E0014DBD1 /* Protocol */ = {
			isa = PBXGroup;
			children = (
				37A8ACD52936891A0014DBD1 /* Viewcode */,
				37A8ACD4293689150014DBD1 /* Coordinator */,
			);
			path = Protocol;
			sourceTree = "<group>";
		};
		37A8ACD4293689150014DBD1 /* Coordinator */ = {
			isa = PBXGroup;
			children = (
				37A8ACD6293689230014DBD1 /* Coordinator.swift */,
				37A8ACE229368A850014DBD1 /* ApplicationCoordinator.swift */,
			);
			path = Coordinator;
			sourceTree = "<group>";
		};
		37A8ACD52936891A0014DBD1 /* Viewcode */ = {
			isa = PBXGroup;
			children = (
				37A8ACD82936892C0014DBD1 /* Viewcode.swift */,
			);
			path = Viewcode;
			sourceTree = "<group>";
		};
		37A8ACDA29368A0F0014DBD1 /* Home */ = {
			isa = PBXGroup;
			children = (
				37A8ACE729368BDC0014DBD1 /* Coordinator */,
				37A8ACE529368BD00014DBD1 /* Model */,
				37A8ACE429368BC90014DBD1 /* View */,
				37A8ACE629368BD50014DBD1 /* ViewModel */,
			);
			path = Home;
			sourceTree = "<group>";
		};
		37A8ACE029368A2B0014DBD1 /* App */ = {
			isa = PBXGroup;
			children = (
				37F5BD24293674E500B87D9B /* AppDelegate.swift */,
				37F5BD26293674E500B87D9B /* SceneDelegate.swift */,
			);
			path = App;
			sourceTree = "<group>";
		};
		37A8ACE129368A380014DBD1 /* Resources */ = {
			isa = PBXGroup;
			children = (
				37F5BD2D293674E600B87D9B /* Assets.xcassets */,
				37F5BD32293674E600B87D9B /* Info.plist */,
				37F5BD2F293674E600B87D9B /* LaunchScreen.storyboard */,
			);
			path = Resources;
			sourceTree = "<group>";
		};
		37A8ACE429368BC90014DBD1 /* View */ = {
			isa = PBXGroup;
			children = (
				37A8ACDC29368A1E0014DBD1 /* HomeViewController.swift */,
				37A8ACDE29368A230014DBD1 /* HomeView.swift */,
			);
			path = View;
			sourceTree = "<group>";
		};
		37A8ACE529368BD00014DBD1 /* Model */ = {
			isa = PBXGroup;
			children = (
			);
			path = Model;
			sourceTree = "<group>";
		};
		37A8ACE629368BD50014DBD1 /* ViewModel */ = {
			isa = PBXGroup;
			children = (
			);
			path = ViewModel;
			sourceTree = "<group>";
		};
		37A8ACE729368BDC0014DBD1 /* Coordinator */ = {
			isa = PBXGroup;
			children = (
				37A8ACE829368BF60014DBD1 /* HomeCoordinator.swift */,
			);
			path = Coordinator;
			sourceTree = "<group>";
		};
		37F5BD18293674E500B87D9B = {
			isa = PBXGroup;
			children = (
				37F5BD23293674E500B87D9B /* 7daysofcode */,
				37F5BD3A293674E600B87D9B /* 7daysofcodeTests */,
				37F5BD44293674E600B87D9B /* 7daysofcodeUITests */,
				37F5BD22293674E500B87D9B /* Products */,
			);
			sourceTree = "<group>";
		};
		37F5BD22293674E500B87D9B /* Products */ = {
			isa = PBXGroup;
			children = (
				37F5BD21293674E500B87D9B /* 7daysofcode.app */,
				37F5BD37293674E600B87D9B /* 7daysofcodeTests.xctest */,
				37F5BD41293674E600B87D9B /* 7daysofcodeUITests.xctest */,
			);
			name = Products;
			sourceTree = "<group>";
		};
		37F5BD23293674E500B87D9B /* 7daysofcode */ = {
			isa = PBXGroup;
			children = (
				37A8ACE029368A2B0014DBD1 /* App */,
				37A8ACD2293689070014DBD1 /* Common */,
				37A8ACE129368A380014DBD1 /* Resources */,
				37A8ACD1293689020014DBD1 /* Screens */,
			);
			path = 7daysofcode;
			sourceTree = "<group>";
		};
		37F5BD3A293674E600B87D9B /* 7daysofcodeTests */ = {
			isa = PBXGroup;
			children = (
				37F5BD3B293674E600B87D9B /* _daysofcodeTests.swift */,
			);
			path = 7daysofcodeTests;
			sourceTree = "<group>";
		};
		37F5BD44293674E600B87D9B /* 7daysofcodeUITests */ = {
			isa = PBXGroup;
			children = (
				37F5BD45293674E600B87D9B /* _daysofcodeUITests.swift */,
				37F5BD47293674E600B87D9B /* _daysofcodeUITestsLaunchTests.swift */,
			);
			path = 7daysofcodeUITests;
			sourceTree = "<group>";
		};
/* End PBXGroup section */

/* Begin PBXNativeTarget section */
		37F5BD20293674E500B87D9B /* 7daysofcode */ = {
			isa = PBXNativeTarget;
			buildConfigurationList = 37F5BD4B293674E600B87D9B /* Build configuration list for PBXNativeTarget "7daysofcode" */;
			buildPhases = (
				37F5BD1D293674E500B87D9B /* Sources */,
				37F5BD1E293674E500B87D9B /* Frameworks */,
				37F5BD1F293674E500B87D9B /* Resources */,
			);
			buildRules = (
			);
			dependencies = (
			);
			name = 7daysofcode;
			productName = 7daysofcode;
			productReference = 37F5BD21293674E500B87D9B /* 7daysofcode.app */;
			productType = "com.apple.product-type.application";
		};
		37F5BD36293674E600B87D9B /* 7daysofcodeTests */ = {
			isa = PBXNativeTarget;
			buildConfigurationList = 37F5BD4E293674E600B87D9B /* Build configuration list for PBXNativeTarget "7daysofcodeTests" */;
			buildPhases = (
				37F5BD33293674E600B87D9B /* Sources */,
				37F5BD34293674E600B87D9B /* Frameworks */,
				37F5BD35293674E600B87D9B /* Resources */,
			);
			buildRules = (
			);
			dependencies = (
				37F5BD39293674E600B87D9B /* PBXTargetDependency */,
			);
			name = 7daysofcodeTests;
			productName = 7daysofcodeTests;
			productReference = 37F5BD37293674E600B87D9B /* 7daysofcodeTests.xctest */;
			productType = "com.apple.product-type.bundle.unit-test";
		};
		37F5BD40293674E600B87D9B /* 7daysofcodeUITests */ = {
			isa = PBXNativeTarget;
			buildConfigurationList = 37F5BD51293674E600B87D9B /* Build configuration list for PBXNativeTarget "7daysofcodeUITests" */;
			buildPhases = (
				37F5BD3D293674E600B87D9B /* Sources */,
				37F5BD3E293674E600B87D9B /* Frameworks */,
				37F5BD3F293674E600B87D9B /* Resources */,
			);
			buildRules = (
			);
			dependencies = (
				37F5BD43293674E600B87D9B /* PBXTargetDependency */,
			);
			name = 7daysofcodeUITests;
			productName = 7daysofcodeUITests;
			productReference = 37F5BD41293674E600B87D9B /* 7daysofcodeUITests.xctest */;
			productType = "com.apple.product-type.bundle.ui-testing";
		};
/* End PBXNativeTarget section */

/* Begin PBXProject section */
		37F5BD19293674E500B87D9B /* Project object */ = {
			isa = PBXProject;
			attributes = {
				BuildIndependentTargetsInParallel = 1;
				LastSwiftUpdateCheck = 1410;
				LastUpgradeCheck = 1410;
				TargetAttributes = {
					37F5BD20293674E500B87D9B = {
						CreatedOnToolsVersion = 14.1;
					};
					37F5BD36293674E600B87D9B = {
						CreatedOnToolsVersion = 14.1;
						TestTargetID = 37F5BD20293674E500B87D9B;
					};
					37F5BD40293674E600B87D9B = {
						CreatedOnToolsVersion = 14.1;
						TestTargetID = 37F5BD20293674E500B87D9B;
					};
				};
			};
			buildConfigurationList = 37F5BD1C293674E500B87D9B /* Build configuration list for PBXProject "7daysofcode" */;
			compatibilityVersion = "Xcode 14.0";
			developmentRegion = en;
			hasScannedForEncodings = 0;
			knownRegions = (
				en,
				Base,
			);
			mainGroup = 37F5BD18293674E500B87D9B;
			productRefGroup = 37F5BD22293674E500B87D9B /* Products */;
			projectDirPath = "";
			projectRoot = "";
			targets = (
				37F5BD20293674E500B87D9B /* 7daysofcode */,
				37F5BD36293674E600B87D9B /* 7daysofcodeTests */,
				37F5BD40293674E600B87D9B /* 7daysofcodeUITests */,
			);
		};
/* End PBXProject section */

/* Begin PBXResourcesBuildPhase section */
		37F5BD1F293674E500B87D9B /* Resources */ = {
			isa = PBXResourcesBuildPhase;
			buildActionMask = 2147483647;
			files = (
				37F5BD31293674E600B87D9B /* LaunchScreen.storyboard in Resources */,
				37F5BD2E293674E600B87D9B /* Assets.xcassets in Resources */,
			);
			runOnlyForDeploymentPostprocessing = 0;
		};
		37F5BD35293674E600B87D9B /* Resources */ = {
			isa = PBXResourcesBuildPhase;
			buildActionMask = 2147483647;
			files = (
			);
			runOnlyForDeploymentPostprocessing = 0;
		};
		37F5BD3F293674E600B87D9B /* Resources */ = {
			isa = PBXResourcesBuildPhase;
			buildActionMask = 2147483647;
			files = (
			);
			runOnlyForDeploymentPostprocessing = 0;
		};
/* End PBXResourcesBuildPhase section */

/* Begin PBXSourcesBuildPhase section */
		37F5BD1D293674E500B87D9B /* Sources */ = {
			isa = PBXSourcesBuildPhase;
			buildActionMask = 2147483647;
			files = (
				37A8ACD7293689230014DBD1 /* Coordinator.swift in Sources */,
				37A8ACE329368A850014DBD1 /* ApplicationCoordinator.swift in Sources */,
				37A8ACDF29368A230014DBD1 /* HomeView.swift in Sources */,
				37F5BD25293674E500B87D9B /* AppDelegate.swift in Sources */,
				37F5BD27293674E500B87D9B /* SceneDelegate.swift in Sources */,
				37A8ACE929368BF60014DBD1 /* HomeCoordinator.swift in Sources */,
				37A8ACD92936892C0014DBD1 /* Viewcode.swift in Sources */,
				37A8ACDD29368A1E0014DBD1 /* HomeViewController.swift in Sources */,
			);
			runOnlyForDeploymentPostprocessing = 0;
		};
		37F5BD33293674E600B87D9B /* Sources */ = {
			isa = PBXSourcesBuildPhase;
			buildActionMask = 2147483647;
			files = (
				37F5BD3C293674E600B87D9B /* _daysofcodeTests.swift in Sources */,
			);
			runOnlyForDeploymentPostprocessing = 0;
		};
		37F5BD3D293674E600B87D9B /* Sources */ = {
			isa = PBXSourcesBuildPhase;
			buildActionMask = 2147483647;
			files = (
				37F5BD46293674E600B87D9B /* _daysofcodeUITests.swift in Sources */,
				37F5BD48293674E600B87D9B /* _daysofcodeUITestsLaunchTests.swift in Sources */,
			);
			runOnlyForDeploymentPostprocessing = 0;
		};
/* End PBXSourcesBuildPhase section */

/* Begin PBXTargetDependency section */
		37F5BD39293674E600B87D9B /* PBXTargetDependency */ = {
			isa = PBXTargetDependency;
			target = 37F5BD20293674E500B87D9B /* 7daysofcode */;
			targetProxy = 37F5BD38293674E600B87D9B /* PBXContainerItemProxy */;
		};
		37F5BD43293674E600B87D9B /* PBXTargetDependency */ = {
			isa = PBXTargetDependency;
			target = 37F5BD20293674E500B87D9B /* 7daysofcode */;
			targetProxy = 37F5BD42293674E600B87D9B /* PBXContainerItemProxy */;
		};
/* End PBXTargetDependency section */

/* Begin PBXVariantGroup section */
		37F5BD2F293674E600B87D9B /* LaunchScreen.storyboard */ = {
			isa = PBXVariantGroup;
			children = (
				37F5BD30293674E600B87D9B /* Base */,
			);
			name = LaunchScreen.storyboard;
			sourceTree = "<group>";
		};
/* End PBXVariantGroup section */

/* Begin XCBuildConfiguration section */
		37F5BD49293674E600B87D9B /* Debug */ = {
			isa = XCBuildConfiguration;
			buildSettings = {
				ALWAYS_SEARCH_USER_PATHS = NO;
				CLANG_ANALYZER_NONNULL = YES;
				CLANG_ANALYZER_NUMBER_OBJECT_CONVERSION = YES_AGGRESSIVE;
				CLANG_CXX_LANGUAGE_STANDARD = "gnu++20";
				CLANG_ENABLE_MODULES = YES;
				CLANG_ENABLE_OBJC_ARC = YES;
				CLANG_ENABLE_OBJC_WEAK = YES;
				CLANG_WARN_BLOCK_CAPTURE_AUTORELEASING = YES;
				CLANG_WARN_BOOL_CONVERSION = YES;
				CLANG_WARN_COMMA = YES;
				CLANG_WARN_CONSTANT_CONVERSION = YES;
				CLANG_WARN_DEPRECATED_OBJC_IMPLEMENTATIONS = YES;
				CLANG_WARN_DIRECT_OBJC_ISA_USAGE = YES_ERROR;
				CLANG_WARN_DOCUMENTATION_COMMENTS = YES;
				CLANG_WARN_EMPTY_BODY = YES;
				CLANG_WARN_ENUM_CONVERSION = YES;
				CLANG_WARN_INFINITE_RECURSION = YES;
				CLANG_WARN_INT_CONVERSION = YES;
				CLANG_WARN_NON_LITERAL_NULL_CONVERSION = YES;
				CLANG_WARN_OBJC_IMPLICIT_RETAIN_SELF = YES;
				CLANG_WARN_OBJC_LITERAL_CONVERSION = YES;
				CLANG_WARN_OBJC_ROOT_CLASS = YES_ERROR;
				CLANG_WARN_QUOTED_INCLUDE_IN_FRAMEWORK_HEADER = YES;
				CLANG_WARN_RANGE_LOOP_ANALYSIS = YES;
				CLANG_WARN_STRICT_PROTOTYPES = YES;
				CLANG_WARN_SUSPICIOUS_MOVE = YES;
				CLANG_WARN_UNGUARDED_AVAILABILITY = YES_AGGRESSIVE;
				CLANG_WARN_UNREACHABLE_CODE = YES;
				CLANG_WARN__DUPLICATE_METHOD_MATCH = YES;
				COPY_PHASE_STRIP = NO;
				DEBUG_INFORMATION_FORMAT = dwarf;
				ENABLE_STRICT_OBJC_MSGSEND = YES;
				ENABLE_TESTABILITY = YES;
				GCC_C_LANGUAGE_STANDARD = gnu11;
				GCC_DYNAMIC_NO_PIC = NO;
				GCC_NO_COMMON_BLOCKS = YES;
				GCC_OPTIMIZATION_LEVEL = 0;
				GCC_PREPROCESSOR_DEFINITIONS = (
					"DEBUG=1",
					"$(inherited)",
				);
				GCC_WARN_64_TO_32_BIT_CONVERSION = YES;
				GCC_WARN_ABOUT_RETURN_TYPE = YES_ERROR;
				GCC_WARN_UNDECLARED_SELECTOR = YES;
				GCC_WARN_UNINITIALIZED_AUTOS = YES_AGGRESSIVE;
				GCC_WARN_UNUSED_FUNCTION = YES;
				GCC_WARN_UNUSED_VARIABLE = YES;
				IPHONEOS_DEPLOYMENT_TARGET = 16.1;
				MTL_ENABLE_DEBUG_INFO = INCLUDE_SOURCE;
				MTL_FAST_MATH = YES;
				ONLY_ACTIVE_ARCH = YES;
				SDKROOT = iphoneos;
				SWIFT_ACTIVE_COMPILATION_CONDITIONS = DEBUG;
				SWIFT_OPTIMIZATION_LEVEL = "-Onone";
			};
			name = Debug;
		};
		37F5BD4A293674E600B87D9B /* Release */ = {
			isa = XCBuildConfiguration;
			buildSettings = {
				ALWAYS_SEARCH_USER_PATHS = NO;
				CLANG_ANALYZER_NONNULL = YES;
				CLANG_ANALYZER_NUMBER_OBJECT_CONVERSION = YES_AGGRESSIVE;
				CLANG_CXX_LANGUAGE_STANDARD = "gnu++20";
				CLANG_ENABLE_MODULES = YES;
				CLANG_ENABLE_OBJC_ARC = YES;
				CLANG_ENABLE_OBJC_WEAK = YES;
				CLANG_WARN_BLOCK_CAPTURE_AUTORELEASING = YES;
				CLANG_WARN_BOOL_CONVERSION = YES;
				CLANG_WARN_COMMA = YES;
				CLANG_WARN_CONSTANT_CONVERSION = YES;
				CLANG_WARN_DEPRECATED_OBJC_IMPLEMENTATIONS = YES;
				CLANG_WARN_DIRECT_OBJC_ISA_USAGE = YES_ERROR;
				CLANG_WARN_DOCUMENTATION_COMMENTS = YES;
				CLANG_WARN_EMPTY_BODY = YES;
				CLANG_WARN_ENUM_CONVERSION = YES;
				CLANG_WARN_INFINITE_RECURSION = YES;
				CLANG_WARN_INT_CONVERSION = YES;
				CLANG_WARN_NON_LITERAL_NULL_CONVERSION = YES;
				CLANG_WARN_OBJC_IMPLICIT_RETAIN_SELF = YES;
				CLANG_WARN_OBJC_LITERAL_CONVERSION = YES;
				CLANG_WARN_OBJC_ROOT_CLASS = YES_ERROR;
				CLANG_WARN_QUOTED_INCLUDE_IN_FRAMEWORK_HEADER = YES;
				CLANG_WARN_RANGE_LOOP_ANALYSIS = YES;
				CLANG_WARN_STRICT_PROTOTYPES = YES;
				CLANG_WARN_SUSPICIOUS_MOVE = YES;
				CLANG_WARN_UNGUARDED_AVAILABILITY = YES_AGGRESSIVE;
				CLANG_WARN_UNREACHABLE_CODE = YES;
				CLANG_WARN__DUPLICATE_METHOD_MATCH = YES;
				COPY_PHASE_STRIP = NO;
				DEBUG_INFORMATION_FORMAT = "dwarf-with-dsym";
				ENABLE_NS_ASSERTIONS = NO;
				ENABLE_STRICT_OBJC_MSGSEND = YES;
				GCC_C_LANGUAGE_STANDARD = gnu11;
				GCC_NO_COMMON_BLOCKS = YES;
				GCC_WARN_64_TO_32_BIT_CONVERSION = YES;
				GCC_WARN_ABOUT_RETURN_TYPE = YES_ERROR;
				GCC_WARN_UNDECLARED_SELECTOR = YES;
				GCC_WARN_UNINITIALIZED_AUTOS = YES_AGGRESSIVE;
				GCC_WARN_UNUSED_FUNCTION = YES;
				GCC_WARN_UNUSED_VARIABLE = YES;
				IPHONEOS_DEPLOYMENT_TARGET = 16.1;
				MTL_ENABLE_DEBUG_INFO = NO;
				MTL_FAST_MATH = YES;
				SDKROOT = iphoneos;
				SWIFT_COMPILATION_MODE = wholemodule;
				SWIFT_OPTIMIZATION_LEVEL = "-O";
				VALIDATE_PRODUCT = YES;
			};
			name = Release;
		};
		37F5BD4C293674E600B87D9B /* Debug */ = {
			isa = XCBuildConfiguration;
			buildSettings = {
				ASSETCATALOG_COMPILER_APPICON_NAME = AppIcon;
				ASSETCATALOG_COMPILER_GLOBAL_ACCENT_COLOR_NAME = AccentColor;
				CODE_SIGN_STYLE = Automatic;
				CURRENT_PROJECT_VERSION = 1;
				DEVELOPMENT_TEAM = F6V9D37NT5;
				GENERATE_INFOPLIST_FILE = YES;
				INFOPLIST_FILE = 7daysofcode/Resources/Info.plist;
				INFOPLIST_KEY_UIApplicationSupportsIndirectInputEvents = YES;
				INFOPLIST_KEY_UILaunchStoryboardName = LaunchScreen;
				INFOPLIST_KEY_UISupportedInterfaceOrientations_iPad = "UIInterfaceOrientationPortrait UIInterfaceOrientationPortraitUpsideDown UIInterfaceOrientationLandscapeLeft UIInterfaceOrientationLandscapeRight";
				INFOPLIST_KEY_UISupportedInterfaceOrientations_iPhone = "UIInterfaceOrientationPortrait UIInterfaceOrientationLandscapeLeft UIInterfaceOrientationLandscapeRight";
				LD_RUNPATH_SEARCH_PATHS = (
					"$(inherited)",
					"@executable_path/Frameworks",
				);
				MARKETING_VERSION = 1.0;
				PRODUCT_BUNDLE_IDENTIFIER = "luiz.hartmann.-daysofcode";
				PRODUCT_NAME = "$(TARGET_NAME)";
				SWIFT_EMIT_LOC_STRINGS = YES;
				SWIFT_VERSION = 5.0;
				TARGETED_DEVICE_FAMILY = "1,2";
			};
			name = Debug;
		};
		37F5BD4D293674E600B87D9B /* Release */ = {
			isa = XCBuildConfiguration;
			buildSettings = {
				ASSETCATALOG_COMPILER_APPICON_NAME = AppIcon;
				ASSETCATALOG_COMPILER_GLOBAL_ACCENT_COLOR_NAME = AccentColor;
				CODE_SIGN_STYLE = Automatic;
				CURRENT_PROJECT_VERSION = 1;
				DEVELOPMENT_TEAM = F6V9D37NT5;
				GENERATE_INFOPLIST_FILE = YES;
				INFOPLIST_FILE = 7daysofcode/Resources/Info.plist;
				INFOPLIST_KEY_UIApplicationSupportsIndirectInputEvents = YES;
				INFOPLIST_KEY_UILaunchStoryboardName = LaunchScreen;
				INFOPLIST_KEY_UISupportedInterfaceOrientations_iPad = "UIInterfaceOrientationPortrait UIInterfaceOrientationPortraitUpsideDown UIInterfaceOrientationLandscapeLeft UIInterfaceOrientationLandscapeRight";
				INFOPLIST_KEY_UISupportedInterfaceOrientations_iPhone = "UIInterfaceOrientationPortrait UIInterfaceOrientationLandscapeLeft UIInterfaceOrientationLandscapeRight";
				LD_RUNPATH_SEARCH_PATHS = (
					"$(inherited)",
					"@executable_path/Frameworks",
				);
				MARKETING_VERSION = 1.0;
				PRODUCT_BUNDLE_IDENTIFIER = "luiz.hartmann.-daysofcode";
				PRODUCT_NAME = "$(TARGET_NAME)";
				SWIFT_EMIT_LOC_STRINGS = YES;
				SWIFT_VERSION = 5.0;
				TARGETED_DEVICE_FAMILY = "1,2";
			};
			name = Release;
		};
		37F5BD4F293674E600B87D9B /* Debug */ = {
			isa = XCBuildConfiguration;
			buildSettings = {
				ALWAYS_EMBED_SWIFT_STANDARD_LIBRARIES = YES;
				BUNDLE_LOADER = "$(TEST_HOST)";
				CODE_SIGN_STYLE = Automatic;
				CURRENT_PROJECT_VERSION = 1;
				DEVELOPMENT_TEAM = F6V9D37NT5;
				GENERATE_INFOPLIST_FILE = YES;
				IPHONEOS_DEPLOYMENT_TARGET = 16.1;
				MARKETING_VERSION = 1.0;
				PRODUCT_BUNDLE_IDENTIFIER = "luiz.hartmann.-daysofcodeTests";
				PRODUCT_NAME = "$(TARGET_NAME)";
				SWIFT_EMIT_LOC_STRINGS = NO;
				SWIFT_VERSION = 5.0;
				TARGETED_DEVICE_FAMILY = "1,2";
				TEST_HOST = "$(BUILT_PRODUCTS_DIR)/7daysofcode.app/$(BUNDLE_EXECUTABLE_FOLDER_PATH)/7daysofcode";
			};
			name = Debug;
		};
		37F5BD50293674E600B87D9B /* Release */ = {
			isa = XCBuildConfiguration;
			buildSettings = {
				ALWAYS_EMBED_SWIFT_STANDARD_LIBRARIES = YES;
				BUNDLE_LOADER = "$(TEST_HOST)";
				CODE_SIGN_STYLE = Automatic;
				CURRENT_PROJECT_VERSION = 1;
				DEVELOPMENT_TEAM = F6V9D37NT5;
				GENERATE_INFOPLIST_FILE = YES;
				IPHONEOS_DEPLOYMENT_TARGET = 16.1;
				MARKETING_VERSION = 1.0;
				PRODUCT_BUNDLE_IDENTIFIER = "luiz.hartmann.-daysofcodeTests";
				PRODUCT_NAME = "$(TARGET_NAME)";
				SWIFT_EMIT_LOC_STRINGS = NO;
				SWIFT_VERSION = 5.0;
				TARGETED_DEVICE_FAMILY = "1,2";
				TEST_HOST = "$(BUILT_PRODUCTS_DIR)/7daysofcode.app/$(BUNDLE_EXECUTABLE_FOLDER_PATH)/7daysofcode";
			};
			name = Release;
		};
		37F5BD52293674E600B87D9B /* Debug */ = {
			isa = XCBuildConfiguration;
			buildSettings = {
				ALWAYS_EMBED_SWIFT_STANDARD_LIBRARIES = YES;
				CODE_SIGN_STYLE = Automatic;
				CURRENT_PROJECT_VERSION = 1;
				DEVELOPMENT_TEAM = F6V9D37NT5;
				GENERATE_INFOPLIST_FILE = YES;
				MARKETING_VERSION = 1.0;
				PRODUCT_BUNDLE_IDENTIFIER = "luiz.hartmann.-daysofcodeUITests";
				PRODUCT_NAME = "$(TARGET_NAME)";
				SWIFT_EMIT_LOC_STRINGS = NO;
				SWIFT_VERSION = 5.0;
				TARGETED_DEVICE_FAMILY = "1,2";
				TEST_TARGET_NAME = 7daysofcode;
			};
			name = Debug;
		};
		37F5BD53293674E600B87D9B /* Release */ = {
			isa = XCBuildConfiguration;
			buildSettings = {
				ALWAYS_EMBED_SWIFT_STANDARD_LIBRARIES = YES;
				CODE_SIGN_STYLE = Automatic;
				CURRENT_PROJECT_VERSION = 1;
				DEVELOPMENT_TEAM = F6V9D37NT5;
				GENERATE_INFOPLIST_FILE = YES;
				MARKETING_VERSION = 1.0;
				PRODUCT_BUNDLE_IDENTIFIER = "luiz.hartmann.-daysofcodeUITests";
				PRODUCT_NAME = "$(TARGET_NAME)";
				SWIFT_EMIT_LOC_STRINGS = NO;
				SWIFT_VERSION = 5.0;
				TARGETED_DEVICE_FAMILY = "1,2";
				TEST_TARGET_NAME = 7daysofcode;
			};
			name = Release;
		};
/* End XCBuildConfiguration section */

/* Begin XCConfigurationList section */
		37F5BD1C293674E500B87D9B /* Build configuration list for PBXProject "7daysofcode" */ = {
			isa = XCConfigurationList;
			buildConfigurations = (
				37F5BD49293674E600B87D9B /* Debug */,
				37F5BD4A293674E600B87D9B /* Release */,
			);
			defaultConfigurationIsVisible = 0;
			defaultConfigurationName = Release;
		};
		37F5BD4B293674E600B87D9B /* Build configuration list for PBXNativeTarget "7daysofcode" */ = {
			isa = XCConfigurationList;
			buildConfigurations = (
				37F5BD4C293674E600B87D9B /* Debug */,
				37F5BD4D293674E600B87D9B /* Release */,
			);
			defaultConfigurationIsVisible = 0;
			defaultConfigurationName = Release;
		};
		37F5BD4E293674E600B87D9B /* Build configuration list for PBXNativeTarget "7daysofcodeTests" */ = {
			isa = XCConfigurationList;
			buildConfigurations = (
				37F5BD4F293674E600B87D9B /* Debug */,
				37F5BD50293674E600B87D9B /* Release */,
			);
			defaultConfigurationIsVisible = 0;
			defaultConfigurationName = Release;
		};
		37F5BD51293674E600B87D9B /* Build configuration list for PBXNativeTarget "7daysofcodeUITests" */ = {
			isa = XCConfigurationList;
			buildConfigurations = (
				37F5BD52293674E600B87D9B /* Debug */,
				37F5BD53293674E600B87D9B /* Release */,
			);
			defaultConfigurationIsVisible = 0;
			defaultConfigurationName = Release;
		};
/* End XCConfigurationList section */
	};
	rootObject = 37F5BD19293674E500B87D9B /* Project object */;
}
